// !$*UTF8*$!
{
	archiveVersion = 1;
	classes = {
	};
	objectVersion = 50;
	objects = {

/* Begin PBXBuildFile section */
		AB86D9F325432FDD0004E266 /* OnboardingButtonStyle.swift in Sources */ = {isa = PBXBuildFile; fileRef = AB86D9F225432FDD0004E266 /* OnboardingButtonStyle.swift */; };
		AB86D9F725433E720004E266 /* Color+Extensions.swift in Sources */ = {isa = PBXBuildFile; fileRef = AB86D9F625433E720004E266 /* Color+Extensions.swift */; };
		ABCD8212253A0EBC009799EE /* OnboardingExampleSwiftUIApp.swift in Sources */ = {isa = PBXBuildFile; fileRef = ABCD8211253A0EBC009799EE /* OnboardingExampleSwiftUIApp.swift */; };
		ABCD8214253A0EBC009799EE /* ContentView.swift in Sources */ = {isa = PBXBuildFile; fileRef = ABCD8213253A0EBC009799EE /* ContentView.swift */; };
		ABCD8216253A0EBD009799EE /* Assets.xcassets in Resources */ = {isa = PBXBuildFile; fileRef = ABCD8215253A0EBD009799EE /* Assets.xcassets */; };
		ABCD8219253A0EBD009799EE /* Preview Assets.xcassets in Resources */ = {isa = PBXBuildFile; fileRef = ABCD8218253A0EBD009799EE /* Preview Assets.xcassets */; };
		ABCD8222253A133A009799EE /* OnboardingViewModel.swift in Sources */ = {isa = PBXBuildFile; fileRef = ABCD8221253A1339009799EE /* OnboardingViewModel.swift */; };
		ABCD8225253A1787009799EE /* OnboardingModel.swift in Sources */ = {isa = PBXBuildFile; fileRef = ABCD8224253A1787009799EE /* OnboardingModel.swift */; };
/* End PBXBuildFile section */

/* Begin PBXFileReference section */
		AB86D9F225432FDD0004E266 /* OnboardingButtonStyle.swift */ = {isa = PBXFileReference; lastKnownFileType = sourcecode.swift; path = OnboardingButtonStyle.swift; sourceTree = "<group>"; };
		AB86D9F625433E720004E266 /* Color+Extensions.swift */ = {isa = PBXFileReference; lastKnownFileType = sourcecode.swift; path = "Color+Extensions.swift"; sourceTree = "<group>"; };
		ABCD820E253A0EBC009799EE /* OnboardingExampleSwiftUI.app */ = {isa = PBXFileReference; explicitFileType = wrapper.application; includeInIndex = 0; path = OnboardingExampleSwiftUI.app; sourceTree = BUILT_PRODUCTS_DIR; };
		ABCD8211253A0EBC009799EE /* OnboardingExampleSwiftUIApp.swift */ = {isa = PBXFileReference; lastKnownFileType = sourcecode.swift; path = OnboardingExampleSwiftUIApp.swift; sourceTree = "<group>"; };
		ABCD8213253A0EBC009799EE /* ContentView.swift */ = {isa = PBXFileReference; lastKnownFileType = sourcecode.swift; path = ContentView.swift; sourceTree = "<group>"; };
		ABCD8215253A0EBD009799EE /* Assets.xcassets */ = {isa = PBXFileReference; lastKnownFileType = folder.assetcatalog; path = Assets.xcassets; sourceTree = "<group>"; };
		ABCD8218253A0EBD009799EE /* Preview Assets.xcassets */ = {isa = PBXFileReference; lastKnownFileType = folder.assetcatalog; path = "Preview Assets.xcassets"; sourceTree = "<group>"; };
		ABCD821A253A0EBD009799EE /* Info.plist */ = {isa = PBXFileReference; lastKnownFileType = text.plist.xml; path = Info.plist; sourceTree = "<group>"; };
		ABCD8221253A1339009799EE /* OnboardingViewModel.swift */ = {isa = PBXFileReference; lastKnownFileType = sourcecode.swift; path = OnboardingViewModel.swift; sourceTree = "<group>"; };
		ABCD8224253A1787009799EE /* OnboardingModel.swift */ = {isa = PBXFileReference; lastKnownFileType = sourcecode.swift; path = OnboardingModel.swift; sourceTree = "<group>"; };
/* End PBXFileReference section */

/* Begin PBXFrameworksBuildPhase section */
		ABCD820B253A0EBC009799EE /* Frameworks */ = {
			isa = PBXFrameworksBuildPhase;
			buildActionMask = 2147483647;
			files = (
			);
			runOnlyForDeploymentPostprocessing = 0;
		};
/* End PBXFrameworksBuildPhase section */

/* Begin PBXGroup section */
		ABCD8205253A0EBC009799EE = {
			isa = PBXGroup;
			children = (
				ABCD8210253A0EBC009799EE /* OnboardingExampleSwiftUI */,
				ABCD820F253A0EBC009799EE /* Products */,
			);
			sourceTree = "<group>";
		};
		ABCD820F253A0EBC009799EE /* Products */ = {
			isa = PBXGroup;
			children = (
				ABCD820E253A0EBC009799EE /* OnboardingExampleSwiftUI.app */,
			);
			name = Products;
			sourceTree = "<group>";
		};
		ABCD8210253A0EBC009799EE /* OnboardingExampleSwiftUI */ = {
			isa = PBXGroup;
			children = (
				ABCD8211253A0EBC009799EE /* OnboardingExampleSwiftUIApp.swift */,
				ABCD8213253A0EBC009799EE /* ContentView.swift */,
				ABCD8215253A0EBD009799EE /* Assets.xcassets */,
				ABCD821A253A0EBD009799EE /* Info.plist */,
				ABCD8217253A0EBD009799EE /* Preview Content */,
				ABCD8221253A1339009799EE /* OnboardingViewModel.swift */,
				ABCD8224253A1787009799EE /* OnboardingModel.swift */,
				AB86D9F225432FDD0004E266 /* OnboardingButtonStyle.swift */,
				AB86D9F625433E720004E266 /* Color+Extensions.swift */,
			);
			path = OnboardingExampleSwiftUI;
			sourceTree = "<group>";
		};
		ABCD8217253A0EBD009799EE /* Preview Content */ = {
			isa = PBXGroup;
			children = (
				ABCD8218253A0EBD009799EE /* Preview Assets.xcassets */,
			);
			path = "Preview Content";
			sourceTree = "<group>";
		};
/* End PBXGroup section */

/* Begin PBXNativeTarget section */
		ABCD820D253A0EBC009799EE /* OnboardingExampleSwiftUI */ = {
			isa = PBXNativeTarget;
			buildConfigurationList = ABCD821D253A0EBD009799EE /* Build configuration list for PBXNativeTarget "OnboardingExampleSwiftUI" */;
			buildPhases = (
				ABCD820A253A0EBC009799EE /* Sources */,
				ABCD820B253A0EBC009799EE /* Frameworks */,
				ABCD820C253A0EBC009799EE /* Resources */,
			);
			buildRules = (
			);
			dependencies = (
			);
			name = OnboardingExampleSwiftUI;
			productName = OnboardingExampleSwiftUI;
			productReference = ABCD820E253A0EBC009799EE /* OnboardingExampleSwiftUI.app */;
			productType = "com.apple.product-type.application";
		};
/* End PBXNativeTarget section */

/* Begin PBXProject section */
		ABCD8206253A0EBC009799EE /* Project object */ = {
			isa = PBXProject;
			attributes = {
				LastSwiftUpdateCheck = 1200;
				LastUpgradeCheck = 1200;
				TargetAttributes = {
					ABCD820D253A0EBC009799EE = {
						CreatedOnToolsVersion = 12.0.1;
					};
				};
			};
			buildConfigurationList = ABCD8209253A0EBC009799EE /* Build configuration list for PBXProject "OnboardingExampleSwiftUI" */;
			compatibilityVersion = "Xcode 9.3";
			developmentRegion = en;
			hasScannedForEncodings = 0;
			knownRegions = (
				en,
				Base,
			);
			mainGroup = ABCD8205253A0EBC009799EE;
			productRefGroup = ABCD820F253A0EBC009799EE /* Products */;
			projectDirPath = "";
			projectRoot = "";
			targets = (
				ABCD820D253A0EBC009799EE /* OnboardingExampleSwiftUI */,
			);
		};
/* End PBXProject section */

/* Begin PBXResourcesBuildPhase section */
		ABCD820C253A0EBC009799EE /* Resources */ = {
			isa = PBXResourcesBuildPhase;
			buildActionMask = 2147483647;
			files = (
				ABCD8219253A0EBD009799EE /* Preview Assets.xcassets in Resources */,
				ABCD8216253A0EBD009799EE /* Assets.xcassets in Resources */,
			);
			runOnlyForDeploymentPostprocessing = 0;
		};
/* End PBXResourcesBuildPhase section */

/* Begin PBXSourcesBuildPhase section */
		ABCD820A253A0EBC009799EE /* Sources */ = {
			isa = PBXSourcesBuildPhase;
			buildActionMask = 2147483647;
			files = (
				AB86D9F325432FDD0004E266 /* OnboardingButtonStyle.swift in Sources */,
				ABCD8225253A1787009799EE /* OnboardingModel.swift in Sources */,
				ABCD8214253A0EBC009799EE /* ContentView.swift in Sources */,
				ABCD8222253A133A009799EE /* OnboardingViewModel.swift in Sources */,
				ABCD8212253A0EBC009799EE /* OnboardingExampleSwiftUIApp.swift in Sources */,
				AB86D9F725433E720004E266 /* Color+Extensions.swift in Sources */,
			);
			runOnlyForDeploymentPostprocessing = 0;
		};
/* End PBXSourcesBuildPhase section */

/* Begin XCBuildConfiguration section */
		ABCD821B253A0EBD009799EE /* Debug */ = {
			isa = XCBuildConfiguration;
			buildSettings = {
				ALWAYS_SEARCH_USER_PATHS = NO;
				CLANG_ANALYZER_NONNULL = YES;
				CLANG_ANALYZER_NUMBER_OBJECT_CONVERSION = YES_AGGRESSIVE;
				CLANG_CXX_LANGUAGE_STANDARD = "gnu++14";
				CLANG_CXX_LIBRARY = "libc++";
				CLANG_ENABLE_MODULES = YES;
				CLANG_ENABLE_OBJC_ARC = YES;
				CLANG_ENABLE_OBJC_WEAK = YES;
				CLANG_WARN_BLOCK_CAPTURE_AUTORELEASING = YES;
				CLANG_WARN_BOOL_CONVERSION = YES;
				CLANG_WARN_COMMA = YES;
				CLANG_WARN_CONSTANT_CONVERSION = YES;
				CLANG_WARN_DEPRECATED_OBJC_IMPLEMENTATIONS = YES;
				CLANG_WARN_DIRECT_OBJC_ISA_USAGE = YES_ERROR;
				CLANG_WARN_DOCUMENTATION_COMMENTS = YES;
				CLANG_WARN_EMPTY_BODY = YES;
				CLANG_WARN_ENUM_CONVERSION = YES;
				CLANG_WARN_INFINITE_RECURSION = YES;
				CLANG_WARN_INT_CONVERSION = YES;
				CLANG_WARN_NON_LITERAL_NULL_CONVERSION = YES;
				CLANG_WARN_OBJC_IMPLICIT_RETAIN_SELF = YES;
				CLANG_WARN_OBJC_LITERAL_CONVERSION = YES;
				CLANG_WARN_OBJC_ROOT_CLASS = YES_ERROR;
				CLANG_WARN_QUOTED_INCLUDE_IN_FRAMEWORK_HEADER = YES;
				CLANG_WARN_RANGE_LOOP_ANALYSIS = YES;
				CLANG_WARN_STRICT_PROTOTYPES = YES;
				CLANG_WARN_SUSPICIOUS_MOVE = YES;
				CLANG_WARN_UNGUARDED_AVAILABILITY = YES_AGGRESSIVE;
				CLANG_WARN_UNREACHABLE_CODE = YES;
				CLANG_WARN__DUPLICATE_METHOD_MATCH = YES;
				COPY_PHASE_STRIP = NO;
				DEBUG_INFORMATION_FORMAT = dwarf;
				ENABLE_STRICT_OBJC_MSGSEND = YES;
				ENABLE_TESTABILITY = YES;
				GCC_C_LANGUAGE_STANDARD = gnu11;
				GCC_DYNAMIC_NO_PIC = NO;
				GCC_NO_COMMON_BLOCKS = YES;
				GCC_OPTIMIZATION_LEVEL = 0;
				GCC_PREPROCESSOR_DEFINITIONS = (
					"DEBUG=1",
					"$(inherited)",
				);
				GCC_WARN_64_TO_32_BIT_CONVERSION = YES;
				GCC_WARN_ABOUT_RETURN_TYPE = YES_ERROR;
				GCC_WARN_UNDECLARED_SELECTOR = YES;
				GCC_WARN_UNINITIALIZED_AUTOS = YES_AGGRESSIVE;
				GCC_WARN_UNUSED_FUNCTION = YES;
				GCC_WARN_UNUSED_VARIABLE = YES;
				IPHONEOS_DEPLOYMENT_TARGET = 14.0;
				MTL_ENABLE_DEBUG_INFO = INCLUDE_SOURCE;
				MTL_FAST_MATH = YES;
				ONLY_ACTIVE_ARCH = YES;
				SDKROOT = iphoneos;
				SWIFT_ACTIVE_COMPILATION_CONDITIONS = DEBUG;
				SWIFT_OPTIMIZATION_LEVEL = "-Onone";
			};
			name = Debug;
		};
		ABCD821C253A0EBD009799EE /* Release */ = {
			isa = XCBuildConfiguration;
			buildSettings = {
				ALWAYS_SEARCH_USER_PATHS = NO;
				CLANG_ANALYZER_NONNULL = YES;
				CLANG_ANALYZER_NUMBER_OBJECT_CONVERSION = YES_AGGRESSIVE;
				CLANG_CXX_LANGUAGE_STANDARD = "gnu++14";
				CLANG_CXX_LIBRARY = "libc++";
				CLANG_ENABLE_MODULES = YES;
				CLANG_ENABLE_OBJC_ARC = YES;
				CLANG_ENABLE_OBJC_WEAK = YES;
				CLANG_WARN_BLOCK_CAPTURE_AUTORELEASING = YES;
				CLANG_WARN_BOOL_CONVERSION = YES;
				CLANG_WARN_COMMA = YES;
				CLANG_WARN_CONSTANT_CONVERSION = YES;
				CLANG_WARN_DEPRECATED_OBJC_IMPLEMENTATIONS = YES;
				CLANG_WARN_DIRECT_OBJC_ISA_USAGE = YES_ERROR;
				CLANG_WARN_DOCUMENTATION_COMMENTS = YES;
				CLANG_WARN_EMPTY_BODY = YES;
				CLANG_WARN_ENUM_CONVERSION = YES;
				CLANG_WARN_INFINITE_RECURSION = YES;
				CLANG_WARN_INT_CONVERSION = YES;
				CLANG_WARN_NON_LITERAL_NULL_CONVERSION = YES;
				CLANG_WARN_OBJC_IMPLICIT_RETAIN_SELF = YES;
				CLANG_WARN_OBJC_LITERAL_CONVERSION = YES;
				CLANG_WARN_OBJC_ROOT_CLASS = YES_ERROR;
				CLANG_WARN_QUOTED_INCLUDE_IN_FRAMEWORK_HEADER = YES;
				CLANG_WARN_RANGE_LOOP_ANALYSIS = YES;
				CLANG_WARN_STRICT_PROTOTYPES = YES;
				CLANG_WARN_SUSPICIOUS_MOVE = YES;
				CLANG_WARN_UNGUARDED_AVAILABILITY = YES_AGGRESSIVE;
				CLANG_WARN_UNREACHABLE_CODE = YES;
				CLANG_WARN__DUPLICATE_METHOD_MATCH = YES;
				COPY_PHASE_STRIP = NO;
				DEBUG_INFORMATION_FORMAT = "dwarf-with-dsym";
				ENABLE_NS_ASSERTIONS = NO;
				ENABLE_STRICT_OBJC_MSGSEND = YES;
				GCC_C_LANGUAGE_STANDARD = gnu11;
				GCC_NO_COMMON_BLOCKS = YES;
				GCC_WARN_64_TO_32_BIT_CONVERSION = YES;
				GCC_WARN_ABOUT_RETURN_TYPE = YES_ERROR;
				GCC_WARN_UNDECLARED_SELECTOR = YES;
				GCC_WARN_UNINITIALIZED_AUTOS = YES_AGGRESSIVE;
				GCC_WARN_UNUSED_FUNCTION = YES;
				GCC_WARN_UNUSED_VARIABLE = YES;
				IPHONEOS_DEPLOYMENT_TARGET = 14.0;
				MTL_ENABLE_DEBUG_INFO = NO;
				MTL_FAST_MATH = YES;
				SDKROOT = iphoneos;
				SWIFT_COMPILATION_MODE = wholemodule;
				SWIFT_OPTIMIZATION_LEVEL = "-O";
				VALIDATE_PRODUCT = YES;
			};
			name = Release;
		};
		ABCD821E253A0EBD009799EE /* Debug */ = {
			isa = XCBuildConfiguration;
			buildSettings = {
				ASSETCATALOG_COMPILER_APPICON_NAME = AppIcon;
				ASSETCATALOG_COMPILER_GLOBAL_ACCENT_COLOR_NAME = AccentColor;
				CODE_SIGN_STYLE = Automatic;
				DEVELOPMENT_ASSET_PATHS = "\"OnboardingExampleSwiftUI/Preview Content\"";
				DEVELOPMENT_TEAM = MBDF9Z8ZCX;
				ENABLE_PREVIEWS = YES;
				INFOPLIST_FILE = OnboardingExampleSwiftUI/Info.plist;
				IPHONEOS_DEPLOYMENT_TARGET = 14.0;
				LD_RUNPATH_SEARCH_PATHS = (
					"$(inherited)",
					"@executable_path/Frameworks",
				);
				PRODUCT_BUNDLE_IDENTIFIER = "com.Dane-Thomas.OnboardingExampleSwiftUI";
				PRODUCT_NAME = "$(TARGET_NAME)";
				SWIFT_VERSION = 5.0;
				TARGETED_DEVICE_FAMILY = "1,2";
			};
			name = Debug;
		};
		ABCD821F253A0EBD009799EE /* Release */ = {
			isa = XCBuildConfiguration;
			buildSettings = {
				ASSETCATALOG_COMPILER_APPICON_NAME = AppIcon;
				ASSETCATALOG_COMPILER_GLOBAL_ACCENT_COLOR_NAME = AccentColor;
				CODE_SIGN_STYLE = Automatic;
				DEVELOPMENT_ASSET_PATHS = "\"OnboardingExampleSwiftUI/Preview Content\"";
				DEVELOPMENT_TEAM = MBDF9Z8ZCX;
				ENABLE_PREVIEWS = YES;
				INFOPLIST_FILE = OnboardingExampleSwiftUI/Info.plist;
				IPHONEOS_DEPLOYMENT_TARGET = 14.0;
				LD_RUNPATH_SEARCH_PATHS = (
					"$(inherited)",
					"@executable_path/Frameworks",
				);
				PRODUCT_BUNDLE_IDENTIFIER = "com.Dane-Thomas.OnboardingExampleSwiftUI";
				PRODUCT_NAME = "$(TARGET_NAME)";
				SWIFT_VERSION = 5.0;
				TARGETED_DEVICE_FAMILY = "1,2";
			};
			name = Release;
		};
/* End XCBuildConfiguration section */

/* Begin XCConfigurationList section */
		ABCD8209253A0EBC009799EE /* Build configuration list for PBXProject "OnboardingExampleSwiftUI" */ = {
			isa = XCConfigurationList;
			buildConfigurations = (
				ABCD821B253A0EBD009799EE /* Debug */,
				ABCD821C253A0EBD009799EE /* Release */,
			);
			defaultConfigurationIsVisible = 0;
			defaultConfigurationName = Release;
		};
		ABCD821D253A0EBD009799EE /* Build configuration list for PBXNativeTarget "OnboardingExampleSwiftUI" */ = {
			isa = XCConfigurationList;
			buildConfigurations = (
				ABCD821E253A0EBD009799EE /* Debug */,
				ABCD821F253A0EBD009799EE /* Release */,
			);
			defaultConfigurationIsVisible = 0;
			defaultConfigurationName = Release;
		};
/* End XCConfigurationList section */
	};
	rootObject = ABCD8206253A0EBC009799EE /* Project object */;
}
